
Microsoft Visual Studio Solution File, Format Version 12.00
# Visual Studio Version 17
VisualStudioVersion = 17.14.36310.24
MinimumVisualStudioVersion = 10.0.40219.1
Project("{54A90642-561A-4BB1-A94E-469ADEE60C69}") = "gatekeeper.client", "gatekeeper.client\gatekeeper.client.esproj", "{F4E27EB4-1BD5-49B0-BB14-95411368B183}"
EndProject
Project("{2150E333-8FDC-42A3-9474-1A3956D46DE8}") = "tests", "tests", "{0AB3BF05-4346-4AA6-1389-037BE0695223}"
EndProject
Project("{FAE04EC0-301F-11D3-BF4B-00C04F79EFBC}") = "GateKeeper.Infrastructure.Tests", "tests\GateKeeper.Infrastructure.Tests\GateKeeper.Infrastructure.Tests.csproj", "{EF46293F-98F6-46C1-8B58-D9895BD983F8}"
EndProject
Project("{FAE04EC0-301F-11D3-BF4B-00C04F79EFBC}") = "GateKeeper.Application.Tests", "tests\GateKeeper.Application.Tests\GateKeeper.Application.Tests.csproj", "{5693F4EB-5B7B-41B1-96A7-64B3458963A5}"
EndProject
Project("{FAE04EC0-301F-11D3-BF4B-00C04F79EFBC}") = "GateKeeper.Domain.Tests", "tests\GateKeeper.Domain.Tests\GateKeeper.Domain.Tests.csproj", "{698FF62F-07AB-46EB-AD25-BECA1B4B24E0}"
EndProject
Project("{2150E333-8FDC-42A3-9474-1A3956D46DE8}") = "src", "src", "{827E0CD3-B72D-47B6-A68D-7590B98EB39B}"
EndProject
Project("{FAE04EC0-301F-11D3-BF4B-00C04F79EFBC}") = "GateKeeper.Domain", "src\GateKeeper.Domain\GateKeeper.Domain.csproj", "{2BA4EF31-A50C-48E3-A7AA-8A11A50A92EA}"
EndProject
Project("{FAE04EC0-301F-11D3-BF4B-00C04F79EFBC}") = "GateKeeper.Application", "src\GateKeeper.Application\GateKeeper.Application.csproj", "{4887C4FD-4E52-4E7F-85B7-42A3F484762F}"
EndProject
Project("{FAE04EC0-301F-11D3-BF4B-00C04F79EFBC}") = "GateKeeper.Server", "src\GateKeeper.Server\GateKeeper.Server.csproj", "{E7192349-9AAD-4F67-9AB5-7F5C8BA0D5FD}"
EndProject
Project("{FAE04EC0-301F-11D3-BF4B-00C04F79EFBC}") = "GateKeeper.Infrastructure", "src\GateKeeper.Infrastructure\GateKeeper.Infrastructure.csproj", "{EC7F0E5D-2E7B-BA57-2022-EF22C8D67358}"
EndProject
Global
	GlobalSection(SolutionConfigurationPlatforms) = preSolution
		Debug|Any CPU = Debug|Any CPU
		Debug|x64 = Debug|x64
		Debug|x86 = Debug|x86
		Release|Any CPU = Release|Any CPU
		Release|x64 = Release|x64
		Release|x86 = Release|x86
	EndGlobalSection
	GlobalSection(ProjectConfigurationPlatforms) = postSolution
		{F4E27EB4-1BD5-49B0-BB14-95411368B183}.Debug|Any CPU.ActiveCfg = Debug|Any CPU
		{F4E27EB4-1BD5-49B0-BB14-95411368B183}.Debug|Any CPU.Build.0 = Debug|Any CPU
		{F4E27EB4-1BD5-49B0-BB14-95411368B183}.Debug|Any CPU.Deploy.0 = Debug|Any CPU
		{F4E27EB4-1BD5-49B0-BB14-95411368B183}.Debug|x64.ActiveCfg = Debug|x64
		{F4E27EB4-1BD5-49B0-BB14-95411368B183}.Debug|x86.ActiveCfg = Debug|x86
		{F4E27EB4-1BD5-49B0-BB14-95411368B183}.Release|Any CPU.ActiveCfg = Release|Any CPU
		{F4E27EB4-1BD5-49B0-BB14-95411368B183}.Release|Any CPU.Build.0 = Release|Any CPU
		{F4E27EB4-1BD5-49B0-BB14-95411368B183}.Release|Any CPU.Deploy.0 = Release|Any CPU
		{F4E27EB4-1BD5-49B0-BB14-95411368B183}.Release|x64.ActiveCfg = Release|x64
		{F4E27EB4-1BD5-49B0-BB14-95411368B183}.Release|x86.ActiveCfg = Release|x86
		{EF46293F-98F6-46C1-8B58-D9895BD983F8}.Debug|Any CPU.ActiveCfg = Debug|Any CPU
		{EF46293F-98F6-46C1-8B58-D9895BD983F8}.Debug|Any CPU.Build.0 = Debug|Any CPU
		{EF46293F-98F6-46C1-8B58-D9895BD983F8}.Debug|x64.ActiveCfg = Debug|Any CPU
		{EF46293F-98F6-46C1-8B58-D9895BD983F8}.Debug|x64.Build.0 = Debug|Any CPU
		{EF46293F-98F6-46C1-8B58-D9895BD983F8}.Debug|x86.ActiveCfg = Debug|Any CPU
		{EF46293F-98F6-46C1-8B58-D9895BD983F8}.Debug|x86.Build.0 = Debug|Any CPU
		{EF46293F-98F6-46C1-8B58-D9895BD983F8}.Release|Any CPU.ActiveCfg = Release|Any CPU
		{EF46293F-98F6-46C1-8B58-D9895BD983F8}.Release|Any CPU.Build.0 = Release|Any CPU
		{EF46293F-98F6-46C1-8B58-D9895BD983F8}.Release|x64.ActiveCfg = Release|Any CPU
		{EF46293F-98F6-46C1-8B58-D9895BD983F8}.Release|x64.Build.0 = Release|Any CPU
		{EF46293F-98F6-46C1-8B58-D9895BD983F8}.Release|x86.ActiveCfg = Release|Any CPU
		{EF46293F-98F6-46C1-8B58-D9895BD983F8}.Release|x86.Build.0 = Release|Any CPU
		{5693F4EB-5B7B-41B1-96A7-64B3458963A5}.Debug|Any CPU.ActiveCfg = Debug|Any CPU
		{5693F4EB-5B7B-41B1-96A7-64B3458963A5}.Debug|Any CPU.Build.0 = Debug|Any CPU
		{5693F4EB-5B7B-41B1-96A7-64B3458963A5}.Debug|x64.ActiveCfg = Debug|Any CPU
		{5693F4EB-5B7B-41B1-96A7-64B3458963A5}.Debug|x64.Build.0 = Debug|Any CPU
		{5693F4EB-5B7B-41B1-96A7-64B3458963A5}.Debug|x86.ActiveCfg = Debug|Any CPU
		{5693F4EB-5B7B-41B1-96A7-64B3458963A5}.Debug|x86.Build.0 = Debug|Any CPU
		{5693F4EB-5B7B-41B1-96A7-64B3458963A5}.Release|Any CPU.ActiveCfg = Release|Any CPU
		{5693F4EB-5B7B-41B1-96A7-64B3458963A5}.Release|Any CPU.Build.0 = Release|Any CPU
		{5693F4EB-5B7B-41B1-96A7-64B3458963A5}.Release|x64.ActiveCfg = Release|Any CPU
		{5693F4EB-5B7B-41B1-96A7-64B3458963A5}.Release|x64.Build.0 = Release|Any CPU
		{5693F4EB-5B7B-41B1-96A7-64B3458963A5}.Release|x86.ActiveCfg = Release|Any CPU
		{5693F4EB-5B7B-41B1-96A7-64B3458963A5}.Release|x86.Build.0 = Release|Any CPU
		{698FF62F-07AB-46EB-AD25-BECA1B4B24E0}.Debug|Any CPU.ActiveCfg = Debug|Any CPU
		{698FF62F-07AB-46EB-AD25-BECA1B4B24E0}.Debug|Any CPU.Build.0 = Debug|Any CPU
		{698FF62F-07AB-46EB-AD25-BECA1B4B24E0}.Debug|x64.ActiveCfg = Debug|Any CPU
		{698FF62F-07AB-46EB-AD25-BECA1B4B24E0}.Debug|x64.Build.0 = Debug|Any CPU
		{698FF62F-07AB-46EB-AD25-BECA1B4B24E0}.Debug|x86.ActiveCfg = Debug|Any CPU
		{698FF62F-07AB-46EB-AD25-BECA1B4B24E0}.Debug|x86.Build.0 = Debug|Any CPU
		{698FF62F-07AB-46EB-AD25-BECA1B4B24E0}.Release|Any CPU.ActiveCfg = Release|Any CPU
		{698FF62F-07AB-46EB-AD25-BECA1B4B24E0}.Release|Any CPU.Build.0 = Release|Any CPU
		{698FF62F-07AB-46EB-AD25-BECA1B4B24E0}.Release|x64.ActiveCfg = Release|Any CPU
		{698FF62F-07AB-46EB-AD25-BECA1B4B24E0}.Release|x64.Build.0 = Release|Any CPU
		{698FF62F-07AB-46EB-AD25-BECA1B4B24E0}.Release|x86.ActiveCfg = Release|Any CPU
		{698FF62F-07AB-46EB-AD25-BECA1B4B24E0}.Release|x86.Build.0 = Release|Any CPU
		{2BA4EF31-A50C-48E3-A7AA-8A11A50A92EA}.Debug|Any CPU.ActiveCfg = Debug|Any CPU
		{2BA4EF31-A50C-48E3-A7AA-8A11A50A92EA}.Debug|Any CPU.Build.0 = Debug|Any CPU
		{2BA4EF31-A50C-48E3-A7AA-8A11A50A92EA}.Debug|x64.ActiveCfg = Debug|Any CPU
		{2BA4EF31-A50C-48E3-A7AA-8A11A50A92EA}.Debug|x64.Build.0 = Debug|Any CPU
		{2BA4EF31-A50C-48E3-A7AA-8A11A50A92EA}.Debug|x86.ActiveCfg = Debug|Any CPU
		{2BA4EF31-A50C-48E3-A7AA-8A11A50A92EA}.Debug|x86.Build.0 = Debug|Any CPU
		{2BA4EF31-A50C-48E3-A7AA-8A11A50A92EA}.Release|Any CPU.ActiveCfg = Release|Any CPU
		{2BA4EF31-A50C-48E3-A7AA-8A11A50A92EA}.Release|Any CPU.Build.0 = Release|Any CPU
		{2BA4EF31-A50C-48E3-A7AA-8A11A50A92EA}.Release|x64.ActiveCfg = Release|Any CPU
		{2BA4EF31-A50C-48E3-A7AA-8A11A50A92EA}.Release|x64.Build.0 = Release|Any CPU
		{2BA4EF31-A50C-48E3-A7AA-8A11A50A92EA}.Release|x86.ActiveCfg = Release|Any CPU
		{2BA4EF31-A50C-48E3-A7AA-8A11A50A92EA}.Release|x86.Build.0 = Release|Any CPU
		{4887C4FD-4E52-4E7F-85B7-42A3F484762F}.Debug|Any CPU.ActiveCfg = Debug|Any CPU
		{4887C4FD-4E52-4E7F-85B7-42A3F484762F}.Debug|Any CPU.Build.0 = Debug|Any CPU
		{4887C4FD-4E52-4E7F-85B7-42A3F484762F}.Debug|x64.ActiveCfg = Debug|Any CPU
		{4887C4FD-4E52-4E7F-85B7-42A3F484762F}.Debug|x64.Build.0 = Debug|Any CPU
		{4887C4FD-4E52-4E7F-85B7-42A3F484762F}.Debug|x86.ActiveCfg = Debug|Any CPU
		{4887C4FD-4E52-4E7F-85B7-42A3F484762F}.Debug|x86.Build.0 = Debug|Any CPU
		{4887C4FD-4E52-4E7F-85B7-42A3F484762F}.Release|Any CPU.ActiveCfg = Release|Any CPU
		{4887C4FD-4E52-4E7F-85B7-42A3F484762F}.Release|Any CPU.Build.0 = Release|Any CPU
		{4887C4FD-4E52-4E7F-85B7-42A3F484762F}.Release|x64.ActiveCfg = Release|Any CPU
		{4887C4FD-4E52-4E7F-85B7-42A3F484762F}.Release|x64.Build.0 = Release|Any CPU
		{4887C4FD-4E52-4E7F-85B7-42A3F484762F}.Release|x86.ActiveCfg = Release|Any CPU
		{4887C4FD-4E52-4E7F-85B7-42A3F484762F}.Release|x86.Build.0 = Release|Any CPU
		{E7192349-9AAD-4F67-9AB5-7F5C8BA0D5FD}.Debug|Any CPU.ActiveCfg = Debug|Any CPU
		{E7192349-9AAD-4F67-9AB5-7F5C8BA0D5FD}.Debug|Any CPU.Build.0 = Debug|Any CPU
		{E7192349-9AAD-4F67-9AB5-7F5C8BA0D5FD}.Debug|x64.ActiveCfg = Debug|Any CPU
		{E7192349-9AAD-4F67-9AB5-7F5C8BA0D5FD}.Debug|x64.Build.0 = Debug|Any CPU
		{E7192349-9AAD-4F67-9AB5-7F5C8BA0D5FD}.Debug|x86.ActiveCfg = Debug|Any CPU
		{E7192349-9AAD-4F67-9AB5-7F5C8BA0D5FD}.Debug|x86.Build.0 = Debug|Any CPU
		{E7192349-9AAD-4F67-9AB5-7F5C8BA0D5FD}.Release|Any CPU.ActiveCfg = Release|Any CPU
		{E7192349-9AAD-4F67-9AB5-7F5C8BA0D5FD}.Release|Any CPU.Build.0 = Release|Any CPU
		{E7192349-9AAD-4F67-9AB5-7F5C8BA0D5FD}.Release|x64.ActiveCfg = Release|Any CPU
		{E7192349-9AAD-4F67-9AB5-7F5C8BA0D5FD}.Release|x64.Build.0 = Release|Any CPU
		{E7192349-9AAD-4F67-9AB5-7F5C8BA0D5FD}.Release|x86.ActiveCfg = Release|Any CPU
		{E7192349-9AAD-4F67-9AB5-7F5C8BA0D5FD}.Release|x86.Build.0 = Release|Any CPU
		{EC7F0E5D-2E7B-BA57-2022-EF22C8D67358}.Debug|Any CPU.ActiveCfg = Debug|Any CPU
		{EC7F0E5D-2E7B-BA57-2022-EF22C8D67358}.Debug|Any CPU.Build.0 = Debug|Any CPU
		{EC7F0E5D-2E7B-BA57-2022-EF22C8D67358}.Debug|x64.ActiveCfg = Debug|Any CPU
		{EC7F0E5D-2E7B-BA57-2022-EF22C8D67358}.Debug|x64.Build.0 = Debug|Any CPU
		{EC7F0E5D-2E7B-BA57-2022-EF22C8D67358}.Debug|x86.ActiveCfg = Debug|Any CPU
		{EC7F0E5D-2E7B-BA57-2022-EF22C8D67358}.Debug|x86.Build.0 = Debug|Any CPU
		{EC7F0E5D-2E7B-BA57-2022-EF22C8D67358}.Release|Any CPU.ActiveCfg = Release|Any CPU
		{EC7F0E5D-2E7B-BA57-2022-EF22C8D67358}.Release|Any CPU.Build.0 = Release|Any CPU
		{EC7F0E5D-2E7B-BA57-2022-EF22C8D67358}.Release|x64.ActiveCfg = Release|Any CPU
		{EC7F0E5D-2E7B-BA57-2022-EF22C8D67358}.Release|x64.Build.0 = Release|Any CPU
		{EC7F0E5D-2E7B-BA57-2022-EF22C8D67358}.Release|x86.ActiveCfg = Release|Any CPU
		{EC7F0E5D-2E7B-BA57-2022-EF22C8D67358}.Release|x86.Build.0 = Release|Any CPU
	EndGlobalSection
	GlobalSection(SolutionProperties) = preSolution
		HideSolutionNode = FALSE
	EndGlobalSection
	GlobalSection(NestedProjects) = preSolution
		{EF46293F-98F6-46C1-8B58-D9895BD983F8} = {0AB3BF05-4346-4AA6-1389-037BE0695223}
		{5693F4EB-5B7B-41B1-96A7-64B3458963A5} = {0AB3BF05-4346-4AA6-1389-037BE0695223}
		{698FF62F-07AB-46EB-AD25-BECA1B4B24E0} = {0AB3BF05-4346-4AA6-1389-037BE0695223}
		{2BA4EF31-A50C-48E3-A7AA-8A11A50A92EA} = {827E0CD3-B72D-47B6-A68D-7590B98EB39B}
		{4887C4FD-4E52-4E7F-85B7-42A3F484762F} = {827E0CD3-B72D-47B6-A68D-7590B98EB39B}
		{E7192349-9AAD-4F67-9AB5-7F5C8BA0D5FD} = {827E0CD3-B72D-47B6-A68D-7590B98EB39B}
		{EC7F0E5D-2E7B-BA57-2022-EF22C8D67358} = {827E0CD3-B72D-47B6-A68D-7590B98EB39B}
	EndGlobalSection
	GlobalSection(ExtensibilityGlobals) = postSolution
		SolutionGuid = {95D7300E-F566-4BC5-BB23-79131F643801}
	EndGlobalSection
EndGlobal
